Microsoft Visual Studio Solution File, Format Version 11.00
# Visual Studio 2008

Project("{1B46CA0E-C736-58D2-2BF0-EAC5833869E0}") = "psywuevr-example", "Assembly-CSharp.csproj", "{5C23BFBC-2E2A-10C6-C896-F75388DC1C54}"
EndProject
Global
	GlobalSection(SolutionConfigurationPlatforms) = preSolution
		Debug|Any CPU = Debug|Any CPU
		Release|Any CPU = Release|Any CPU
	EndGlobalSection
	GlobalSection(ProjectConfigurationPlatforms) = postSolution
		{5C23BFBC-2E2A-10C6-C896-F75388DC1C54}.Debug|Any CPU.ActiveCfg = Debug|Any CPU
		{5C23BFBC-2E2A-10C6-C896-F75388DC1C54}.Debug|Any CPU.Build.0 = Debug|Any CPU
		{5C23BFBC-2E2A-10C6-C896-F75388DC1C54}.Release|Any CPU.ActiveCfg = Release|Any CPU
		{5C23BFBC-2E2A-10C6-C896-F75388DC1C54}.Release|Any CPU.Build.0 = Release|Any CPU
	EndGlobalSection
	GlobalSection(SolutionProperties) = preSolution
		HideSolutionNode = FALSE
	EndGlobalSection
	GlobalSection(MonoDevelopProperties) = preSolution
		StartupItem = Assembly-CSharp.csproj
	EndGlobalSection
EndGlobal
